// !$*UTF8*$!
{
	archiveVersion = 1;
	classes = {
	};
	objectVersion = 50;
	objects = {

/* Begin PBXBuildFile section */
		4D205F9421F16676006C2965 /* InvoiceViewController.swift in Sources */ = {isa = PBXBuildFile; fileRef = 4D205F9321F16676006C2965 /* InvoiceViewController.swift */; };
		4D279DD521ED5FBC00D09DDA /* AppDelegate.swift in Sources */ = {isa = PBXBuildFile; fileRef = 4D279DD421ED5FBC00D09DDA /* AppDelegate.swift */; };
		4D279DD721ED5FBC00D09DDA /* UserViewController.swift in Sources */ = {isa = PBXBuildFile; fileRef = 4D279DD621ED5FBC00D09DDA /* UserViewController.swift */; };
		4D279DDA21ED5FBC00D09DDA /* Main.storyboard in Resources */ = {isa = PBXBuildFile; fileRef = 4D279DD821ED5FBC00D09DDA /* Main.storyboard */; };
		4D279DDD21ED5FBC00D09DDA /* Astra_Exchange.xcdatamodeld in Sources */ = {isa = PBXBuildFile; fileRef = 4D279DDB21ED5FBC00D09DDA /* Astra_Exchange.xcdatamodeld */; };
		4D279DDF21ED5FBC00D09DDA /* Assets.xcassets in Resources */ = {isa = PBXBuildFile; fileRef = 4D279DDE21ED5FBC00D09DDA /* Assets.xcassets */; };
		4D279DE221ED5FBC00D09DDA /* LaunchScreen.storyboard in Resources */ = {isa = PBXBuildFile; fileRef = 4D279DE021ED5FBC00D09DDA /* LaunchScreen.storyboard */; };
		4D279DED21ED5FBC00D09DDA /* Astra_ExchangeTests.swift in Sources */ = {isa = PBXBuildFile; fileRef = 4D279DEC21ED5FBC00D09DDA /* Astra_ExchangeTests.swift */; };
		4D279DF821ED5FBC00D09DDA /* Astra_ExchangeUITests.swift in Sources */ = {isa = PBXBuildFile; fileRef = 4D279DF721ED5FBC00D09DDA /* Astra_ExchangeUITests.swift */; };
		4D279E0621ED625200D09DDA /* GoogleService-Info.plist in Resources */ = {isa = PBXBuildFile; fileRef = 4D279E0521ED625200D09DDA /* GoogleService-Info.plist */; };
		4D30FEC3222B7DC700FA065B /* LeaderboardViewController.swift in Sources */ = {isa = PBXBuildFile; fileRef = 4D30FEC2222B7DC700FA065B /* LeaderboardViewController.swift */; };
		4D3F103522283FAF00DB4D2F /* CardsViewController.swift in Sources */ = {isa = PBXBuildFile; fileRef = 4D3F103422283FAF00DB4D2F /* CardsViewController.swift */; };
		4D47AAE021EF05C200FD40EC /* AmountViewController.swift in Sources */ = {isa = PBXBuildFile; fileRef = 4D47AADF21EF05C200FD40EC /* AmountViewController.swift */; };
		4D5A27A121ED9D5200232294 /* HomeViewController.swift in Sources */ = {isa = PBXBuildFile; fileRef = 4D5A27A021ED9D5200232294 /* HomeViewController.swift */; };
		4D5A27A321EDA89A00232294 /* SignUpViewController.swift in Sources */ = {isa = PBXBuildFile; fileRef = 4D5A27A221EDA89A00232294 /* SignUpViewController.swift */; };
		4D67B31A222DD555004AC357 /* SettingsViewController.swift in Sources */ = {isa = PBXBuildFile; fileRef = 4D67B319222DD555004AC357 /* SettingsViewController.swift */; };
		4D690F94222CACF10067DAC5 /* UpdateViewController.swift in Sources */ = {isa = PBXBuildFile; fileRef = 4D690F93222CACF10067DAC5 /* UpdateViewController.swift */; };
		4D98047F2229BF9300CC57E3 /* QuickPayViewController.swift in Sources */ = {isa = PBXBuildFile; fileRef = 4D98047E2229BF9300CC57E3 /* QuickPayViewController.swift */; };
		4D9804812229C5BA00CC57E3 /* ScannerViewController.swift in Sources */ = {isa = PBXBuildFile; fileRef = 4D9804802229C5BA00CC57E3 /* ScannerViewController.swift */; };
		4DBAA59A21EE733500F26913 /* SendMoneyViewController.swift in Sources */ = {isa = PBXBuildFile; fileRef = 4DBAA59921EE733500F26913 /* SendMoneyViewController.swift */; };
		4DBAA59C21EE9E7000F26913 /* RecipientViewController.swift in Sources */ = {isa = PBXBuildFile; fileRef = 4DBAA59B21EE9E7000F26913 /* RecipientViewController.swift */; };
		4DCA13B5222A016400AA3E02 /* YourIDViewController.swift in Sources */ = {isa = PBXBuildFile; fileRef = 4DCA13B4222A016400AA3E02 /* YourIDViewController.swift */; };
		4DCAA3BE21F5A68300047426 /* UnpaidInvoicesViewController.swift in Sources */ = {isa = PBXBuildFile; fileRef = 4DCAA3BD21F5A68300047426 /* UnpaidInvoicesViewController.swift */; };
		4DD190F121ED6B4E003EE93A /* SignInViewController.swift in Sources */ = {isa = PBXBuildFile; fileRef = 4DD190F021ED6B4E003EE93A /* SignInViewController.swift */; };
		4DD190F321ED6C43003EE93A /* Global.swift in Sources */ = {isa = PBXBuildFile; fileRef = 4DD190F221ED6C43003EE93A /* Global.swift */; };
		4DD1910521ED910B003EE93A /* Nunito-ExtraBoldItalic.ttf in Resources */ = {isa = PBXBuildFile; fileRef = 4DD190F621ED910B003EE93A /* Nunito-ExtraBoldItalic.ttf */; };
		4DD1910621ED910B003EE93A /* Nunito-ExtraBold.ttf in Resources */ = {isa = PBXBuildFile; fileRef = 4DD190F721ED910B003EE93A /* Nunito-ExtraBold.ttf */; };
		4DD1910721ED910B003EE93A /* Nunito-ExtraLightItalic.ttf in Resources */ = {isa = PBXBuildFile; fileRef = 4DD190F821ED910B003EE93A /* Nunito-ExtraLightItalic.ttf */; };
		4DD1910821ED910B003EE93A /* Nunito-Light.ttf in Resources */ = {isa = PBXBuildFile; fileRef = 4DD190F921ED910B003EE93A /* Nunito-Light.ttf */; };
		4DD1910921ED910B003EE93A /* Nunito-Regular.ttf in Resources */ = {isa = PBXBuildFile; fileRef = 4DD190FA21ED910B003EE93A /* Nunito-Regular.ttf */; };
		4DD1910A21ED910B003EE93A /* Nunito-SemiBold.ttf in Resources */ = {isa = PBXBuildFile; fileRef = 4DD190FB21ED910B003EE93A /* Nunito-SemiBold.ttf */; };
		4DD1910B21ED910B003EE93A /* Nunito-Bold.ttf in Resources */ = {isa = PBXBuildFile; fileRef = 4DD190FC21ED910B003EE93A /* Nunito-Bold.ttf */; };
		4DD1910C21ED910B003EE93A /* Nunito-BoldItalic.ttf in Resources */ = {isa = PBXBuildFile; fileRef = 4DD190FD21ED910B003EE93A /* Nunito-BoldItalic.ttf */; };
		4DD1910D21ED910B003EE93A /* Nunito-Black.ttf in Resources */ = {isa = PBXBuildFile; fileRef = 4DD190FE21ED910B003EE93A /* Nunito-Black.ttf */; };
		4DD1910E21ED910B003EE93A /* Nunito-ExtraLight.ttf in Resources */ = {isa = PBXBuildFile; fileRef = 4DD190FF21ED910B003EE93A /* Nunito-ExtraLight.ttf */; };
		4DD1910F21ED910B003EE93A /* Nunito-SemiBoldItalic.ttf in Resources */ = {isa = PBXBuildFile; fileRef = 4DD1910021ED910B003EE93A /* Nunito-SemiBoldItalic.ttf */; };
		4DD1911021ED910B003EE93A /* Nunito-BlackItalic.ttf in Resources */ = {isa = PBXBuildFile; fileRef = 4DD1910121ED910B003EE93A /* Nunito-BlackItalic.ttf */; };
		4DD1911221ED910B003EE93A /* Nunito-Italic.ttf in Resources */ = {isa = PBXBuildFile; fileRef = 4DD1910321ED910B003EE93A /* Nunito-Italic.ttf */; };
		4DD1911321ED910B003EE93A /* Nunito-LightItalic.ttf in Resources */ = {isa = PBXBuildFile; fileRef = 4DD1910421ED910B003EE93A /* Nunito-LightItalic.ttf */; };
		4DDF183221F102F300A61BED /* InvoicesViewController.swift in Sources */ = {isa = PBXBuildFile; fileRef = 4DDF183121F102F300A61BED /* InvoicesViewController.swift */; };
		4DDF183421F1081500A61BED /* CreateInvoiceViewController.swift in Sources */ = {isa = PBXBuildFile; fileRef = 4DDF183321F1081500A61BED /* CreateInvoiceViewController.swift */; };
		4DDF183A21F124C600A61BED /* InvoiceRecipientViewController.swift in Sources */ = {isa = PBXBuildFile; fileRef = 4DDF183921F124C600A61BED /* InvoiceRecipientViewController.swift */; };
		4DDF183C21F124D100A61BED /* InvoiceAmountViewController.swift in Sources */ = {isa = PBXBuildFile; fileRef = 4DDF183B21F124D100A61BED /* InvoiceAmountViewController.swift */; };
		4DDF183E21F124DC00A61BED /* InvoiceConfirmViewController.swift in Sources */ = {isa = PBXBuildFile; fileRef = 4DDF183D21F124DC00A61BED /* InvoiceConfirmViewController.swift */; };
		4DF9481221EFD3300086A1FC /* ConfirmViewController.swift in Sources */ = {isa = PBXBuildFile; fileRef = 4DF9481121EFD3300086A1FC /* ConfirmViewController.swift */; };
		4DF9481421F03E940086A1FC /* TransactionHistoryViewController.swift in Sources */ = {isa = PBXBuildFile; fileRef = 4DF9481321F03E940086A1FC /* TransactionHistoryViewController.swift */; };
		4DF9481621F04D650086A1FC /* TransactionViewController.swift in Sources */ = {isa = PBXBuildFile; fileRef = 4DF9481521F04D650086A1FC /* TransactionViewController.swift */; };
		5C97CD8FCA5AC20233EC4172 /* Pods_Astra_ExchangeUITests.framework in Frameworks */ = {isa = PBXBuildFile; fileRef = F95C4C4661CAA17CF5C780CD /* Pods_Astra_ExchangeUITests.framework */; };
		8244812523AFF8A43090B916 /* Pods_Astra_Exchange.framework in Frameworks */ = {isa = PBXBuildFile; fileRef = 0DCC27FDC3647EBDF1337B3B /* Pods_Astra_Exchange.framework */; };
		F6A170888DC2981BA93CA5F5 /* Pods_Astra_ExchangeTests.framework in Frameworks */ = {isa = PBXBuildFile; fileRef = D8573BC66CA0EB1D31236285 /* Pods_Astra_ExchangeTests.framework */; };
/* End PBXBuildFile section */

/* Begin PBXContainerItemProxy section */
		4D279DE921ED5FBC00D09DDA /* PBXContainerItemProxy */ = {
			isa = PBXContainerItemProxy;
			containerPortal = 4D279DC921ED5FBC00D09DDA /* Project object */;
			proxyType = 1;
			remoteGlobalIDString = 4D279DD021ED5FBC00D09DDA;
			remoteInfo = "Astra Exchange";
		};
		4D279DF421ED5FBC00D09DDA /* PBXContainerItemProxy */ = {
			isa = PBXContainerItemProxy;
			containerPortal = 4D279DC921ED5FBC00D09DDA /* Project object */;
			proxyType = 1;
			remoteGlobalIDString = 4D279DD021ED5FBC00D09DDA;
			remoteInfo = "Astra Exchange";
		};
/* End PBXContainerItemProxy section */

/* Begin PBXFileReference section */
		0101B812F461905A7C17C6A2 /* Pods-Astra ExchangeUITests.release.xcconfig */ = {isa = PBXFileReference; includeInIndex = 1; lastKnownFileType = text.xcconfig; name = "Pods-Astra ExchangeUITests.release.xcconfig"; path = "Pods/Target Support Files/Pods-Astra ExchangeUITests/Pods-Astra ExchangeUITests.release.xcconfig"; sourceTree = "<group>"; };
		06B2727D55133C5733F79845 /* Pods-Astra Exchange.release.xcconfig */ = {isa = PBXFileReference; includeInIndex = 1; lastKnownFileType = text.xcconfig; name = "Pods-Astra Exchange.release.xcconfig"; path = "Pods/Target Support Files/Pods-Astra Exchange/Pods-Astra Exchange.release.xcconfig"; sourceTree = "<group>"; };
		0DCC27FDC3647EBDF1337B3B /* Pods_Astra_Exchange.framework */ = {isa = PBXFileReference; explicitFileType = wrapper.framework; includeInIndex = 0; path = Pods_Astra_Exchange.framework; sourceTree = BUILT_PRODUCTS_DIR; };
		397D8AB4FEE2F4D7778642FE /* Pods-Astra ExchangeTests.release.xcconfig */ = {isa = PBXFileReference; includeInIndex = 1; lastKnownFileType = text.xcconfig; name = "Pods-Astra ExchangeTests.release.xcconfig"; path = "Pods/Target Support Files/Pods-Astra ExchangeTests/Pods-Astra ExchangeTests.release.xcconfig"; sourceTree = "<group>"; };
		4D205F9321F16676006C2965 /* InvoiceViewController.swift */ = {isa = PBXFileReference; lastKnownFileType = sourcecode.swift; path = InvoiceViewController.swift; sourceTree = "<group>"; };
		4D279DD121ED5FBC00D09DDA /* Astra Exchange.app */ = {isa = PBXFileReference; explicitFileType = wrapper.application; includeInIndex = 0; path = "Astra Exchange.app"; sourceTree = BUILT_PRODUCTS_DIR; };
		4D279DD421ED5FBC00D09DDA /* AppDelegate.swift */ = {isa = PBXFileReference; lastKnownFileType = sourcecode.swift; path = AppDelegate.swift; sourceTree = "<group>"; };
		4D279DD621ED5FBC00D09DDA /* UserViewController.swift */ = {isa = PBXFileReference; lastKnownFileType = sourcecode.swift; path = UserViewController.swift; sourceTree = "<group>"; };
		4D279DD921ED5FBC00D09DDA /* Base */ = {isa = PBXFileReference; lastKnownFileType = file.storyboard; name = Base; path = Base.lproj/Main.storyboard; sourceTree = "<group>"; };
		4D279DDC21ED5FBC00D09DDA /* Astra_Exchange.xcdatamodel */ = {isa = PBXFileReference; lastKnownFileType = wrapper.xcdatamodel; path = Astra_Exchange.xcdatamodel; sourceTree = "<group>"; };
		4D279DDE21ED5FBC00D09DDA /* Assets.xcassets */ = {isa = PBXFileReference; lastKnownFileType = folder.assetcatalog; path = Assets.xcassets; sourceTree = "<group>"; };
		4D279DE121ED5FBC00D09DDA /* Base */ = {isa = PBXFileReference; lastKnownFileType = file.storyboard; name = Base; path = Base.lproj/LaunchScreen.storyboard; sourceTree = "<group>"; };
		4D279DE321ED5FBC00D09DDA /* Info.plist */ = {isa = PBXFileReference; lastKnownFileType = text.plist.xml; path = Info.plist; sourceTree = "<group>"; };
		4D279DE821ED5FBC00D09DDA /* Astra ExchangeTests.xctest */ = {isa = PBXFileReference; explicitFileType = wrapper.cfbundle; includeInIndex = 0; path = "Astra ExchangeTests.xctest"; sourceTree = BUILT_PRODUCTS_DIR; };
		4D279DEC21ED5FBC00D09DDA /* Astra_ExchangeTests.swift */ = {isa = PBXFileReference; lastKnownFileType = sourcecode.swift; path = Astra_ExchangeTests.swift; sourceTree = "<group>"; };
		4D279DEE21ED5FBC00D09DDA /* Info.plist */ = {isa = PBXFileReference; lastKnownFileType = text.plist.xml; path = Info.plist; sourceTree = "<group>"; };
		4D279DF321ED5FBC00D09DDA /* Astra ExchangeUITests.xctest */ = {isa = PBXFileReference; explicitFileType = wrapper.cfbundle; includeInIndex = 0; path = "Astra ExchangeUITests.xctest"; sourceTree = BUILT_PRODUCTS_DIR; };
		4D279DF721ED5FBC00D09DDA /* Astra_ExchangeUITests.swift */ = {isa = PBXFileReference; lastKnownFileType = sourcecode.swift; path = Astra_ExchangeUITests.swift; sourceTree = "<group>"; };
		4D279DF921ED5FBC00D09DDA /* Info.plist */ = {isa = PBXFileReference; lastKnownFileType = text.plist.xml; path = Info.plist; sourceTree = "<group>"; };
		4D279E0521ED625200D09DDA /* GoogleService-Info.plist */ = {isa = PBXFileReference; fileEncoding = 4; lastKnownFileType = text.plist.xml; path = "GoogleService-Info.plist"; sourceTree = "<group>"; };
		4D30FEC2222B7DC700FA065B /* LeaderboardViewController.swift */ = {isa = PBXFileReference; lastKnownFileType = sourcecode.swift; path = LeaderboardViewController.swift; sourceTree = "<group>"; };
		4D3F103422283FAF00DB4D2F /* CardsViewController.swift */ = {isa = PBXFileReference; lastKnownFileType = sourcecode.swift; path = CardsViewController.swift; sourceTree = "<group>"; };
		4D47AADF21EF05C200FD40EC /* AmountViewController.swift */ = {isa = PBXFileReference; lastKnownFileType = sourcecode.swift; path = AmountViewController.swift; sourceTree = "<group>"; };
		4D5A27A021ED9D5200232294 /* HomeViewController.swift */ = {isa = PBXFileReference; lastKnownFileType = sourcecode.swift; path = HomeViewController.swift; sourceTree = "<group>"; };
		4D5A27A221EDA89A00232294 /* SignUpViewController.swift */ = {isa = PBXFileReference; lastKnownFileType = sourcecode.swift; path = SignUpViewController.swift; sourceTree = "<group>"; };
		4D67B319222DD555004AC357 /* SettingsViewController.swift */ = {isa = PBXFileReference; lastKnownFileType = sourcecode.swift; path = SettingsViewController.swift; sourceTree = "<group>"; };
		4D690F93222CACF10067DAC5 /* UpdateViewController.swift */ = {isa = PBXFileReference; lastKnownFileType = sourcecode.swift; path = UpdateViewController.swift; sourceTree = "<group>"; };
		4D98047E2229BF9300CC57E3 /* QuickPayViewController.swift */ = {isa = PBXFileReference; lastKnownFileType = sourcecode.swift; path = QuickPayViewController.swift; sourceTree = "<group>"; };
		4D9804802229C5BA00CC57E3 /* ScannerViewController.swift */ = {isa = PBXFileReference; lastKnownFileType = sourcecode.swift; path = ScannerViewController.swift; sourceTree = "<group>"; };
		4DBAA59921EE733500F26913 /* SendMoneyViewController.swift */ = {isa = PBXFileReference; lastKnownFileType = sourcecode.swift; path = SendMoneyViewController.swift; sourceTree = "<group>"; };
		4DBAA59B21EE9E7000F26913 /* RecipientViewController.swift */ = {isa = PBXFileReference; lastKnownFileType = sourcecode.swift; path = RecipientViewController.swift; sourceTree = "<group>"; };
		4DCA13B4222A016400AA3E02 /* YourIDViewController.swift */ = {isa = PBXFileReference; lastKnownFileType = sourcecode.swift; path = YourIDViewController.swift; sourceTree = "<group>"; };
		4DCAA3BD21F5A68300047426 /* UnpaidInvoicesViewController.swift */ = {isa = PBXFileReference; lastKnownFileType = sourcecode.swift; path = UnpaidInvoicesViewController.swift; sourceTree = "<group>"; };
		4DD190F021ED6B4E003EE93A /* SignInViewController.swift */ = {isa = PBXFileReference; lastKnownFileType = sourcecode.swift; path = SignInViewController.swift; sourceTree = "<group>"; };
		4DD190F221ED6C43003EE93A /* Global.swift */ = {isa = PBXFileReference; lastKnownFileType = sourcecode.swift; path = Global.swift; sourceTree = "<group>"; };
		4DD190F621ED910B003EE93A /* Nunito-ExtraBoldItalic.ttf */ = {isa = PBXFileReference; lastKnownFileType = file; path = "Nunito-ExtraBoldItalic.ttf"; sourceTree = "<group>"; };
		4DD190F721ED910B003EE93A /* Nunito-ExtraBold.ttf */ = {isa = PBXFileReference; lastKnownFileType = file; path = "Nunito-ExtraBold.ttf"; sourceTree = "<group>"; };
		4DD190F821ED910B003EE93A /* Nunito-ExtraLightItalic.ttf */ = {isa = PBXFileReference; lastKnownFileType = file; path = "Nunito-ExtraLightItalic.ttf"; sourceTree = "<group>"; };
		4DD190F921ED910B003EE93A /* Nunito-Light.ttf */ = {isa = PBXFileReference; lastKnownFileType = file; path = "Nunito-Light.ttf"; sourceTree = "<group>"; };
		4DD190FA21ED910B003EE93A /* Nunito-Regular.ttf */ = {isa = PBXFileReference; lastKnownFileType = file; path = "Nunito-Regular.ttf"; sourceTree = "<group>"; };
		4DD190FB21ED910B003EE93A /* Nunito-SemiBold.ttf */ = {isa = PBXFileReference; lastKnownFileType = file; path = "Nunito-SemiBold.ttf"; sourceTree = "<group>"; };
		4DD190FC21ED910B003EE93A /* Nunito-Bold.ttf */ = {isa = PBXFileReference; lastKnownFileType = file; path = "Nunito-Bold.ttf"; sourceTree = "<group>"; };
		4DD190FD21ED910B003EE93A /* Nunito-BoldItalic.ttf */ = {isa = PBXFileReference; lastKnownFileType = file; path = "Nunito-BoldItalic.ttf"; sourceTree = "<group>"; };
		4DD190FE21ED910B003EE93A /* Nunito-Black.ttf */ = {isa = PBXFileReference; lastKnownFileType = file; path = "Nunito-Black.ttf"; sourceTree = "<group>"; };
		4DD190FF21ED910B003EE93A /* Nunito-ExtraLight.ttf */ = {isa = PBXFileReference; lastKnownFileType = file; path = "Nunito-ExtraLight.ttf"; sourceTree = "<group>"; };
		4DD1910021ED910B003EE93A /* Nunito-SemiBoldItalic.ttf */ = {isa = PBXFileReference; lastKnownFileType = file; path = "Nunito-SemiBoldItalic.ttf"; sourceTree = "<group>"; };
		4DD1910121ED910B003EE93A /* Nunito-BlackItalic.ttf */ = {isa = PBXFileReference; lastKnownFileType = file; path = "Nunito-BlackItalic.ttf"; sourceTree = "<group>"; };
		4DD1910321ED910B003EE93A /* Nunito-Italic.ttf */ = {isa = PBXFileReference; lastKnownFileType = file; path = "Nunito-Italic.ttf"; sourceTree = "<group>"; };
		4DD1910421ED910B003EE93A /* Nunito-LightItalic.ttf */ = {isa = PBXFileReference; lastKnownFileType = file; path = "Nunito-LightItalic.ttf"; sourceTree = "<group>"; };
		4DDF183121F102F300A61BED /* InvoicesViewController.swift */ = {isa = PBXFileReference; lastKnownFileType = sourcecode.swift; path = InvoicesViewController.swift; sourceTree = "<group>"; };
		4DDF183321F1081500A61BED /* CreateInvoiceViewController.swift */ = {isa = PBXFileReference; lastKnownFileType = sourcecode.swift; path = CreateInvoiceViewController.swift; sourceTree = "<group>"; };
		4DDF183921F124C600A61BED /* InvoiceRecipientViewController.swift */ = {isa = PBXFileReference; lastKnownFileType = sourcecode.swift; path = InvoiceRecipientViewController.swift; sourceTree = "<group>"; };
		4DDF183B21F124D100A61BED /* InvoiceAmountViewController.swift */ = {isa = PBXFileReference; lastKnownFileType = sourcecode.swift; path = InvoiceAmountViewController.swift; sourceTree = "<group>"; };
		4DDF183D21F124DC00A61BED /* InvoiceConfirmViewController.swift */ = {isa = PBXFileReference; lastKnownFileType = sourcecode.swift; path = InvoiceConfirmViewController.swift; sourceTree = "<group>"; };
		4DF9481121EFD3300086A1FC /* ConfirmViewController.swift */ = {isa = PBXFileReference; lastKnownFileType = sourcecode.swift; path = ConfirmViewController.swift; sourceTree = "<group>"; };
		4DF9481321F03E940086A1FC /* TransactionHistoryViewController.swift */ = {isa = PBXFileReference; lastKnownFileType = sourcecode.swift; path = TransactionHistoryViewController.swift; sourceTree = "<group>"; };
		4DF9481521F04D650086A1FC /* TransactionViewController.swift */ = {isa = PBXFileReference; lastKnownFileType = sourcecode.swift; path = TransactionViewController.swift; sourceTree = "<group>"; };
		9E37380C1225B7F6EADFB32B /* Pods-Astra ExchangeUITests.debug.xcconfig */ = {isa = PBXFileReference; includeInIndex = 1; lastKnownFileType = text.xcconfig; name = "Pods-Astra ExchangeUITests.debug.xcconfig"; path = "Pods/Target Support Files/Pods-Astra ExchangeUITests/Pods-Astra ExchangeUITests.debug.xcconfig"; sourceTree = "<group>"; };
		B32D42D0C3E79E2DC3BD681E /* Pods-Astra Exchange.debug.xcconfig */ = {isa = PBXFileReference; includeInIndex = 1; lastKnownFileType = text.xcconfig; name = "Pods-Astra Exchange.debug.xcconfig"; path = "Pods/Target Support Files/Pods-Astra Exchange/Pods-Astra Exchange.debug.xcconfig"; sourceTree = "<group>"; };
		BF742243B30EA946EC3F31FD /* Pods-Astra ExchangeTests.debug.xcconfig */ = {isa = PBXFileReference; includeInIndex = 1; lastKnownFileType = text.xcconfig; name = "Pods-Astra ExchangeTests.debug.xcconfig"; path = "Pods/Target Support Files/Pods-Astra ExchangeTests/Pods-Astra ExchangeTests.debug.xcconfig"; sourceTree = "<group>"; };
		D8573BC66CA0EB1D31236285 /* Pods_Astra_ExchangeTests.framework */ = {isa = PBXFileReference; explicitFileType = wrapper.framework; includeInIndex = 0; path = Pods_Astra_ExchangeTests.framework; sourceTree = BUILT_PRODUCTS_DIR; };
		F95C4C4661CAA17CF5C780CD /* Pods_Astra_ExchangeUITests.framework */ = {isa = PBXFileReference; explicitFileType = wrapper.framework; includeInIndex = 0; path = Pods_Astra_ExchangeUITests.framework; sourceTree = BUILT_PRODUCTS_DIR; };
/* End PBXFileReference section */

/* Begin PBXFrameworksBuildPhase section */
		4D279DCE21ED5FBC00D09DDA /* Frameworks */ = {
			isa = PBXFrameworksBuildPhase;
			buildActionMask = 2147483647;
			files = (
				8244812523AFF8A43090B916 /* Pods_Astra_Exchange.framework in Frameworks */,
			);
			runOnlyForDeploymentPostprocessing = 0;
		};
		4D279DE521ED5FBC00D09DDA /* Frameworks */ = {
			isa = PBXFrameworksBuildPhase;
			buildActionMask = 2147483647;
			files = (
				F6A170888DC2981BA93CA5F5 /* Pods_Astra_ExchangeTests.framework in Frameworks */,
			);
			runOnlyForDeploymentPostprocessing = 0;
		};
		4D279DF021ED5FBC00D09DDA /* Frameworks */ = {
			isa = PBXFrameworksBuildPhase;
			buildActionMask = 2147483647;
			files = (
				5C97CD8FCA5AC20233EC4172 /* Pods_Astra_ExchangeUITests.framework in Frameworks */,
			);
			runOnlyForDeploymentPostprocessing = 0;
		};
/* End PBXFrameworksBuildPhase section */

/* Begin PBXGroup section */
		372C001919FDFE74495D7918 /* Frameworks */ = {
			isa = PBXGroup;
			children = (
				0DCC27FDC3647EBDF1337B3B /* Pods_Astra_Exchange.framework */,
				D8573BC66CA0EB1D31236285 /* Pods_Astra_ExchangeTests.framework */,
				F95C4C4661CAA17CF5C780CD /* Pods_Astra_ExchangeUITests.framework */,
			);
			name = Frameworks;
			sourceTree = "<group>";
		};
		4D279DC821ED5FBC00D09DDA = {
			isa = PBXGroup;
			children = (
				4D279DD321ED5FBC00D09DDA /* Astra Exchange */,
				4D279DEB21ED5FBC00D09DDA /* Astra ExchangeTests */,
				4D279DF621ED5FBC00D09DDA /* Astra ExchangeUITests */,
				4D279DD221ED5FBC00D09DDA /* Products */,
				A84D7432F5E5DE63E0361BFD /* Pods */,
				372C001919FDFE74495D7918 /* Frameworks */,
			);
			sourceTree = "<group>";
		};
		4D279DD221ED5FBC00D09DDA /* Products */ = {
			isa = PBXGroup;
			children = (
				4D279DD121ED5FBC00D09DDA /* Astra Exchange.app */,
				4D279DE821ED5FBC00D09DDA /* Astra ExchangeTests.xctest */,
				4D279DF321ED5FBC00D09DDA /* Astra ExchangeUITests.xctest */,
			);
			name = Products;
			sourceTree = "<group>";
		};
		4D279DD321ED5FBC00D09DDA /* Astra Exchange */ = {
			isa = PBXGroup;
			children = (
				4DD190F221ED6C43003EE93A /* Global.swift */,
				4D279DD821ED5FBC00D09DDA /* Main.storyboard */,
				4D279DD621ED5FBC00D09DDA /* UserViewController.swift */,
				4D690F93222CACF10067DAC5 /* UpdateViewController.swift */,
				4D67B319222DD555004AC357 /* SettingsViewController.swift */,
				4D30FEC2222B7DC700FA065B /* LeaderboardViewController.swift */,
				4D9804802229C5BA00CC57E3 /* ScannerViewController.swift */,
				4D98047E2229BF9300CC57E3 /* QuickPayViewController.swift */,
				4D3F103422283FAF00DB4D2F /* CardsViewController.swift */,
				4DCA13B4222A016400AA3E02 /* YourIDViewController.swift */,
				4DDF183521F1240300A61BED /* Authentication */,
				4DDF183621F1243200A61BED /* Send Money */,
				4DDF183721F1245F00A61BED /* Create Invoice */,
				4DDF183821F1247900A61BED /* Transaction History */,
				4DDF183F21F1252600A61BED /* Invoices */,
				4D279DDE21ED5FBC00D09DDA /* Assets.xcassets */,
				4D279DD421ED5FBC00D09DDA /* AppDelegate.swift */,
				4D279DE021ED5FBC00D09DDA /* LaunchScreen.storyboard */,
				4D279DE321ED5FBC00D09DDA /* Info.plist */,
				4D279E0521ED625200D09DDA /* GoogleService-Info.plist */,
				4D279DDB21ED5FBC00D09DDA /* Astra_Exchange.xcdatamodeld */,
				4DD190F521ED910B003EE93A /* Nunito */,
			);
			path = "Astra Exchange";
			sourceTree = "<group>";
		};
		4D279DEB21ED5FBC00D09DDA /* Astra ExchangeTests */ = {
			isa = PBXGroup;
			children = (
				4D279DEC21ED5FBC00D09DDA /* Astra_ExchangeTests.swift */,
				4D279DEE21ED5FBC00D09DDA /* Info.plist */,
			);
			path = "Astra ExchangeTests";
			sourceTree = "<group>";
		};
		4D279DF621ED5FBC00D09DDA /* Astra ExchangeUITests */ = {
			isa = PBXGroup;
			children = (
				4D279DF721ED5FBC00D09DDA /* Astra_ExchangeUITests.swift */,
				4D279DF921ED5FBC00D09DDA /* Info.plist */,
			);
			path = "Astra ExchangeUITests";
			sourceTree = "<group>";
		};
		4DD190F521ED910B003EE93A /* Nunito */ = {
			isa = PBXGroup;
			children = (
				4DD190F621ED910B003EE93A /* Nunito-ExtraBoldItalic.ttf */,
				4DD190F721ED910B003EE93A /* Nunito-ExtraBold.ttf */,
				4DD190F821ED910B003EE93A /* Nunito-ExtraLightItalic.ttf */,
				4DD190F921ED910B003EE93A /* Nunito-Light.ttf */,
				4DD190FA21ED910B003EE93A /* Nunito-Regular.ttf */,
				4DD190FB21ED910B003EE93A /* Nunito-SemiBold.ttf */,
				4DD190FC21ED910B003EE93A /* Nunito-Bold.ttf */,
				4DD190FD21ED910B003EE93A /* Nunito-BoldItalic.ttf */,
				4DD190FE21ED910B003EE93A /* Nunito-Black.ttf */,
				4DD190FF21ED910B003EE93A /* Nunito-ExtraLight.ttf */,
				4DD1910021ED910B003EE93A /* Nunito-SemiBoldItalic.ttf */,
				4DD1910121ED910B003EE93A /* Nunito-BlackItalic.ttf */,
				4DD1910321ED910B003EE93A /* Nunito-Italic.ttf */,
				4DD1910421ED910B003EE93A /* Nunito-LightItalic.ttf */,
			);
			path = Nunito;
			sourceTree = "<group>";
		};
		4DDF183521F1240300A61BED /* Authentication */ = {
			isa = PBXGroup;
			children = (
				4D5A27A021ED9D5200232294 /* HomeViewController.swift */,
				4D5A27A221EDA89A00232294 /* SignUpViewController.swift */,
				4DD190F021ED6B4E003EE93A /* SignInViewController.swift */,
			);
			path = Authentication;
			sourceTree = "<group>";
		};
		4DDF183621F1243200A61BED /* Send Money */ = {
			isa = PBXGroup;
			children = (
				4DBAA59921EE733500F26913 /* SendMoneyViewController.swift */,
				4DCAA3BD21F5A68300047426 /* UnpaidInvoicesViewController.swift */,
				4DBAA59B21EE9E7000F26913 /* RecipientViewController.swift */,
				4D47AADF21EF05C200FD40EC /* AmountViewController.swift */,
				4DF9481121EFD3300086A1FC /* ConfirmViewController.swift */,
			);
			path = "Send Money";
			sourceTree = "<group>";
		};
		4DDF183721F1245F00A61BED /* Create Invoice */ = {
			isa = PBXGroup;
			children = (
				4DDF183321F1081500A61BED /* CreateInvoiceViewController.swift */,
				4DDF183921F124C600A61BED /* InvoiceRecipientViewController.swift */,
				4DDF183B21F124D100A61BED /* InvoiceAmountViewController.swift */,
				4DDF183D21F124DC00A61BED /* InvoiceConfirmViewController.swift */,
			);
			path = "Create Invoice";
			sourceTree = "<group>";
		};
		4DDF183821F1247900A61BED /* Transaction History */ = {
			isa = PBXGroup;
			children = (
				4DF9481321F03E940086A1FC /* TransactionHistoryViewController.swift */,
				4DF9481521F04D650086A1FC /* TransactionViewController.swift */,
			);
			path = "Transaction History";
			sourceTree = "<group>";
		};
		4DDF183F21F1252600A61BED /* Invoices */ = {
			isa = PBXGroup;
			children = (
				4DDF183121F102F300A61BED /* InvoicesViewController.swift */,
				4D205F9321F16676006C2965 /* InvoiceViewController.swift */,
			);
			path = Invoices;
			sourceTree = "<group>";
		};
		A84D7432F5E5DE63E0361BFD /* Pods */ = {
			isa = PBXGroup;
			children = (
				B32D42D0C3E79E2DC3BD681E /* Pods-Astra Exchange.debug.xcconfig */,
				06B2727D55133C5733F79845 /* Pods-Astra Exchange.release.xcconfig */,
				BF742243B30EA946EC3F31FD /* Pods-Astra ExchangeTests.debug.xcconfig */,
				397D8AB4FEE2F4D7778642FE /* Pods-Astra ExchangeTests.release.xcconfig */,
				9E37380C1225B7F6EADFB32B /* Pods-Astra ExchangeUITests.debug.xcconfig */,
				0101B812F461905A7C17C6A2 /* Pods-Astra ExchangeUITests.release.xcconfig */,
			);
			name = Pods;
			sourceTree = "<group>";
		};
/* End PBXGroup section */

/* Begin PBXNativeTarget section */
		4D279DD021ED5FBC00D09DDA /* Astra Exchange */ = {
			isa = PBXNativeTarget;
			buildConfigurationList = 4D279DFC21ED5FBC00D09DDA /* Build configuration list for PBXNativeTarget "Astra Exchange" */;
			buildPhases = (
				6AED3D5F4402CDF523D202A2 /* [CP] Check Pods Manifest.lock */,
				4D279DCD21ED5FBC00D09DDA /* Sources */,
				4D279DCE21ED5FBC00D09DDA /* Frameworks */,
				4D279DCF21ED5FBC00D09DDA /* Resources */,
				6DE7E61CD28529956B160FEC /* [CP] Embed Pods Frameworks */,
			);
			buildRules = (
			);
			dependencies = (
			);
			name = "Astra Exchange";
			productName = "Astra Exchange";
			productReference = 4D279DD121ED5FBC00D09DDA /* Astra Exchange.app */;
			productType = "com.apple.product-type.application";
		};
		4D279DE721ED5FBC00D09DDA /* Astra ExchangeTests */ = {
			isa = PBXNativeTarget;
			buildConfigurationList = 4D279DFF21ED5FBC00D09DDA /* Build configuration list for PBXNativeTarget "Astra ExchangeTests" */;
			buildPhases = (
				4A92F4354D4616E86B6F9EF9 /* [CP] Check Pods Manifest.lock */,
				4D279DE421ED5FBC00D09DDA /* Sources */,
				4D279DE521ED5FBC00D09DDA /* Frameworks */,
				4D279DE621ED5FBC00D09DDA /* Resources */,
			);
			buildRules = (
			);
			dependencies = (
				4D279DEA21ED5FBC00D09DDA /* PBXTargetDependency */,
			);
			name = "Astra ExchangeTests";
			productName = "Astra ExchangeTests";
			productReference = 4D279DE821ED5FBC00D09DDA /* Astra ExchangeTests.xctest */;
			productType = "com.apple.product-type.bundle.unit-test";
		};
		4D279DF221ED5FBC00D09DDA /* Astra ExchangeUITests */ = {
			isa = PBXNativeTarget;
			buildConfigurationList = 4D279E0221ED5FBC00D09DDA /* Build configuration list for PBXNativeTarget "Astra ExchangeUITests" */;
			buildPhases = (
				34E4FF7A3174C2625AA99F0D /* [CP] Check Pods Manifest.lock */,
				4D279DEF21ED5FBC00D09DDA /* Sources */,
				4D279DF021ED5FBC00D09DDA /* Frameworks */,
				4D279DF121ED5FBC00D09DDA /* Resources */,
			);
			buildRules = (
			);
			dependencies = (
				4D279DF521ED5FBC00D09DDA /* PBXTargetDependency */,
			);
			name = "Astra ExchangeUITests";
			productName = "Astra ExchangeUITests";
			productReference = 4D279DF321ED5FBC00D09DDA /* Astra ExchangeUITests.xctest */;
			productType = "com.apple.product-type.bundle.ui-testing";
		};
/* End PBXNativeTarget section */

/* Begin PBXProject section */
		4D279DC921ED5FBC00D09DDA /* Project object */ = {
			isa = PBXProject;
			attributes = {
				LastSwiftUpdateCheck = 1010;
				LastUpgradeCheck = 1010;
				ORGANIZATIONNAME = "Ken Mueller";
				TargetAttributes = {
					4D279DD021ED5FBC00D09DDA = {
						CreatedOnToolsVersion = 10.1;
					};
					4D279DE721ED5FBC00D09DDA = {
						CreatedOnToolsVersion = 10.1;
						TestTargetID = 4D279DD021ED5FBC00D09DDA;
					};
					4D279DF221ED5FBC00D09DDA = {
						CreatedOnToolsVersion = 10.1;
						TestTargetID = 4D279DD021ED5FBC00D09DDA;
					};
				};
			};
			buildConfigurationList = 4D279DCC21ED5FBC00D09DDA /* Build configuration list for PBXProject "Astra Exchange" */;
			compatibilityVersion = "Xcode 9.3";
			developmentRegion = en;
			hasScannedForEncodings = 0;
			knownRegions = (
				en,
				Base,
			);
			mainGroup = 4D279DC821ED5FBC00D09DDA;
			productRefGroup = 4D279DD221ED5FBC00D09DDA /* Products */;
			projectDirPath = "";
			projectRoot = "";
			targets = (
				4D279DD021ED5FBC00D09DDA /* Astra Exchange */,
				4D279DE721ED5FBC00D09DDA /* Astra ExchangeTests */,
				4D279DF221ED5FBC00D09DDA /* Astra ExchangeUITests */,
			);
		};
/* End PBXProject section */

/* Begin PBXResourcesBuildPhase section */
		4D279DCF21ED5FBC00D09DDA /* Resources */ = {
			isa = PBXResourcesBuildPhase;
			buildActionMask = 2147483647;
			files = (
				4DD1911221ED910B003EE93A /* Nunito-Italic.ttf in Resources */,
				4DD1910721ED910B003EE93A /* Nunito-ExtraLightItalic.ttf in Resources */,
				4DD1910E21ED910B003EE93A /* Nunito-ExtraLight.ttf in Resources */,
				4D279DE221ED5FBC00D09DDA /* LaunchScreen.storyboard in Resources */,
				4DD1910F21ED910B003EE93A /* Nunito-SemiBoldItalic.ttf in Resources */,
				4DD1910521ED910B003EE93A /* Nunito-ExtraBoldItalic.ttf in Resources */,
				4D279E0621ED625200D09DDA /* GoogleService-Info.plist in Resources */,
				4DD1910A21ED910B003EE93A /* Nunito-SemiBold.ttf in Resources */,
				4DD1910621ED910B003EE93A /* Nunito-ExtraBold.ttf in Resources */,
				4DD1910C21ED910B003EE93A /* Nunito-BoldItalic.ttf in Resources */,
				4DD1910B21ED910B003EE93A /* Nunito-Bold.ttf in Resources */,
				4D279DDF21ED5FBC00D09DDA /* Assets.xcassets in Resources */,
				4DD1910D21ED910B003EE93A /* Nunito-Black.ttf in Resources */,
				4DD1910921ED910B003EE93A /* Nunito-Regular.ttf in Resources */,
				4DD1910821ED910B003EE93A /* Nunito-Light.ttf in Resources */,
				4D279DDA21ED5FBC00D09DDA /* Main.storyboard in Resources */,
				4DD1911321ED910B003EE93A /* Nunito-LightItalic.ttf in Resources */,
				4DD1911021ED910B003EE93A /* Nunito-BlackItalic.ttf in Resources */,
			);
			runOnlyForDeploymentPostprocessing = 0;
		};
		4D279DE621ED5FBC00D09DDA /* Resources */ = {
			isa = PBXResourcesBuildPhase;
			buildActionMask = 2147483647;
			files = (
			);
			runOnlyForDeploymentPostprocessing = 0;
		};
		4D279DF121ED5FBC00D09DDA /* Resources */ = {
			isa = PBXResourcesBuildPhase;
			buildActionMask = 2147483647;
			files = (
			);
			runOnlyForDeploymentPostprocessing = 0;
		};
/* End PBXResourcesBuildPhase section */

/* Begin PBXShellScriptBuildPhase section */
		34E4FF7A3174C2625AA99F0D /* [CP] Check Pods Manifest.lock */ = {
			isa = PBXShellScriptBuildPhase;
			buildActionMask = 2147483647;
			files = (
			);
			inputFileListPaths = (
			);
			inputPaths = (
				"${PODS_PODFILE_DIR_PATH}/Podfile.lock",
				"${PODS_ROOT}/Manifest.lock",
			);
			name = "[CP] Check Pods Manifest.lock";
			outputFileListPaths = (
			);
			outputPaths = (
				"$(DERIVED_FILE_DIR)/Pods-Astra ExchangeUITests-checkManifestLockResult.txt",
			);
			runOnlyForDeploymentPostprocessing = 0;
			shellPath = /bin/sh;
			shellScript = "diff \"${PODS_PODFILE_DIR_PATH}/Podfile.lock\" \"${PODS_ROOT}/Manifest.lock\" > /dev/null\nif [ $? != 0 ] ; then\n    # print error to STDERR\n    echo \"error: The sandbox is not in sync with the Podfile.lock. Run 'pod install' or update your CocoaPods installation.\" >&2\n    exit 1\nfi\n# This output is used by Xcode 'outputs' to avoid re-running this script phase.\necho \"SUCCESS\" > \"${SCRIPT_OUTPUT_FILE_0}\"\n";
			showEnvVarsInLog = 0;
		};
		4A92F4354D4616E86B6F9EF9 /* [CP] Check Pods Manifest.lock */ = {
			isa = PBXShellScriptBuildPhase;
			buildActionMask = 2147483647;
			files = (
			);
			inputFileListPaths = (
			);
			inputPaths = (
				"${PODS_PODFILE_DIR_PATH}/Podfile.lock",
				"${PODS_ROOT}/Manifest.lock",
			);
			name = "[CP] Check Pods Manifest.lock";
			outputFileListPaths = (
			);
			outputPaths = (
				"$(DERIVED_FILE_DIR)/Pods-Astra ExchangeTests-checkManifestLockResult.txt",
			);
			runOnlyForDeploymentPostprocessing = 0;
			shellPath = /bin/sh;
			shellScript = "diff \"${PODS_PODFILE_DIR_PATH}/Podfile.lock\" \"${PODS_ROOT}/Manifest.lock\" > /dev/null\nif [ $? != 0 ] ; then\n    # print error to STDERR\n    echo \"error: The sandbox is not in sync with the Podfile.lock. Run 'pod install' or update your CocoaPods installation.\" >&2\n    exit 1\nfi\n# This output is used by Xcode 'outputs' to avoid re-running this script phase.\necho \"SUCCESS\" > \"${SCRIPT_OUTPUT_FILE_0}\"\n";
			showEnvVarsInLog = 0;
		};
		6AED3D5F4402CDF523D202A2 /* [CP] Check Pods Manifest.lock */ = {
			isa = PBXShellScriptBuildPhase;
			buildActionMask = 2147483647;
			files = (
			);
			inputFileListPaths = (
			);
			inputPaths = (
				"${PODS_PODFILE_DIR_PATH}/Podfile.lock",
				"${PODS_ROOT}/Manifest.lock",
			);
			name = "[CP] Check Pods Manifest.lock";
			outputFileListPaths = (
			);
			outputPaths = (
				"$(DERIVED_FILE_DIR)/Pods-Astra Exchange-checkManifestLockResult.txt",
			);
			runOnlyForDeploymentPostprocessing = 0;
			shellPath = /bin/sh;
			shellScript = "diff \"${PODS_PODFILE_DIR_PATH}/Podfile.lock\" \"${PODS_ROOT}/Manifest.lock\" > /dev/null\nif [ $? != 0 ] ; then\n    # print error to STDERR\n    echo \"error: The sandbox is not in sync with the Podfile.lock. Run 'pod install' or update your CocoaPods installation.\" >&2\n    exit 1\nfi\n# This output is used by Xcode 'outputs' to avoid re-running this script phase.\necho \"SUCCESS\" > \"${SCRIPT_OUTPUT_FILE_0}\"\n";
			showEnvVarsInLog = 0;
		};
		6DE7E61CD28529956B160FEC /* [CP] Embed Pods Frameworks */ = {
			isa = PBXShellScriptBuildPhase;
			buildActionMask = 2147483647;
			files = (
			);
			inputFileListPaths = (
			);
			inputPaths = (
				"${SRCROOT}/Pods/Target Support Files/Pods-Astra Exchange/Pods-Astra Exchange-frameworks.sh",
				"${BUILT_PRODUCTS_DIR}/GTMSessionFetcher/GTMSessionFetcher.framework",
				"${BUILT_PRODUCTS_DIR}/GoogleUtilities/GoogleUtilities.framework",
				"${BUILT_PRODUCTS_DIR}/leveldb-library/leveldb.framework",
				"${BUILT_PRODUCTS_DIR}/nanopb/nanopb.framework",
			);
			name = "[CP] Embed Pods Frameworks";
			outputFileListPaths = (
			);
			outputPaths = (
				"${TARGET_BUILD_DIR}/${FRAMEWORKS_FOLDER_PATH}/GTMSessionFetcher.framework",
				"${TARGET_BUILD_DIR}/${FRAMEWORKS_FOLDER_PATH}/GoogleUtilities.framework",
				"${TARGET_BUILD_DIR}/${FRAMEWORKS_FOLDER_PATH}/leveldb.framework",
				"${TARGET_BUILD_DIR}/${FRAMEWORKS_FOLDER_PATH}/nanopb.framework",
			);
			runOnlyForDeploymentPostprocessing = 0;
			shellPath = /bin/sh;
			shellScript = "\"${SRCROOT}/Pods/Target Support Files/Pods-Astra Exchange/Pods-Astra Exchange-frameworks.sh\"\n";
			showEnvVarsInLog = 0;
		};
/* End PBXShellScriptBuildPhase section */

/* Begin PBXSourcesBuildPhase section */
		4D279DCD21ED5FBC00D09DDA /* Sources */ = {
			isa = PBXSourcesBuildPhase;
			buildActionMask = 2147483647;
			files = (
				4DDF183221F102F300A61BED /* InvoicesViewController.swift in Sources */,
				4DF9481221EFD3300086A1FC /* ConfirmViewController.swift in Sources */,
				4D47AAE021EF05C200FD40EC /* AmountViewController.swift in Sources */,
				4DD190F121ED6B4E003EE93A /* SignInViewController.swift in Sources */,
				4D30FEC3222B7DC700FA065B /* LeaderboardViewController.swift in Sources */,
				4DBAA59A21EE733500F26913 /* SendMoneyViewController.swift in Sources */,
				4D98047F2229BF9300CC57E3 /* QuickPayViewController.swift in Sources */,
				4DF9481421F03E940086A1FC /* TransactionHistoryViewController.swift in Sources */,
				4D5A27A321EDA89A00232294 /* SignUpViewController.swift in Sources */,
				4D690F94222CACF10067DAC5 /* UpdateViewController.swift in Sources */,
				4DDF183E21F124DC00A61BED /* InvoiceConfirmViewController.swift in Sources */,
				4D3F103522283FAF00DB4D2F /* CardsViewController.swift in Sources */,
				4D279DDD21ED5FBC00D09DDA /* Astra_Exchange.xcdatamodeld in Sources */,
				4DBAA59C21EE9E7000F26913 /* RecipientViewController.swift in Sources */,
				4D205F9421F16676006C2965 /* InvoiceViewController.swift in Sources */,
				4D279DD721ED5FBC00D09DDA /* UserViewController.swift in Sources */,
				4DDF183421F1081500A61BED /* CreateInvoiceViewController.swift in Sources */,
				4DD190F321ED6C43003EE93A /* Global.swift in Sources */,
				4DCA13B5222A016400AA3E02 /* YourIDViewController.swift in Sources */,
				4D9804812229C5BA00CC57E3 /* ScannerViewController.swift in Sources */,
				4D279DD521ED5FBC00D09DDA /* AppDelegate.swift in Sources */,
				4DF9481621F04D650086A1FC /* TransactionViewController.swift in Sources */,
				4DDF183A21F124C600A61BED /* InvoiceRecipientViewController.swift in Sources */,
				4DCAA3BE21F5A68300047426 /* UnpaidInvoicesViewController.swift in Sources */,
				4DDF183C21F124D100A61BED /* InvoiceAmountViewController.swift in Sources */,
				4D5A27A121ED9D5200232294 /* HomeViewController.swift in Sources */,
				4D67B31A222DD555004AC357 /* SettingsViewController.swift in Sources */,
			);
			runOnlyForDeploymentPostprocessing = 0;
		};
		4D279DE421ED5FBC00D09DDA /* Sources */ = {
			isa = PBXSourcesBuildPhase;
			buildActionMask = 2147483647;
			files = (
				4D279DED21ED5FBC00D09DDA /* Astra_ExchangeTests.swift in Sources */,
			);
			runOnlyForDeploymentPostprocessing = 0;
		};
		4D279DEF21ED5FBC00D09DDA /* Sources */ = {
			isa = PBXSourcesBuildPhase;
			buildActionMask = 2147483647;
			files = (
				4D279DF821ED5FBC00D09DDA /* Astra_ExchangeUITests.swift in Sources */,
			);
			runOnlyForDeploymentPostprocessing = 0;
		};
/* End PBXSourcesBuildPhase section */

/* Begin PBXTargetDependency section */
		4D279DEA21ED5FBC00D09DDA /* PBXTargetDependency */ = {
			isa = PBXTargetDependency;
			target = 4D279DD021ED5FBC00D09DDA /* Astra Exchange */;
			targetProxy = 4D279DE921ED5FBC00D09DDA /* PBXContainerItemProxy */;
		};
		4D279DF521ED5FBC00D09DDA /* PBXTargetDependency */ = {
			isa = PBXTargetDependency;
			target = 4D279DD021ED5FBC00D09DDA /* Astra Exchange */;
			targetProxy = 4D279DF421ED5FBC00D09DDA /* PBXContainerItemProxy */;
		};
/* End PBXTargetDependency section */

/* Begin PBXVariantGroup section */
		4D279DD821ED5FBC00D09DDA /* Main.storyboard */ = {
			isa = PBXVariantGroup;
			children = (
				4D279DD921ED5FBC00D09DDA /* Base */,
			);
			name = Main.storyboard;
			sourceTree = "<group>";
		};
		4D279DE021ED5FBC00D09DDA /* LaunchScreen.storyboard */ = {
			isa = PBXVariantGroup;
			children = (
				4D279DE121ED5FBC00D09DDA /* Base */,
			);
			name = LaunchScreen.storyboard;
			sourceTree = "<group>";
		};
/* End PBXVariantGroup section */

/* Begin XCBuildConfiguration section */
		4D279DFA21ED5FBC00D09DDA /* Debug */ = {
			isa = XCBuildConfiguration;
			buildSettings = {
				ALWAYS_SEARCH_USER_PATHS = NO;
				CLANG_ANALYZER_NONNULL = YES;
				CLANG_ANALYZER_NUMBER_OBJECT_CONVERSION = YES_AGGRESSIVE;
				CLANG_CXX_LANGUAGE_STANDARD = "gnu++14";
				CLANG_CXX_LIBRARY = "libc++";
				CLANG_ENABLE_MODULES = YES;
				CLANG_ENABLE_OBJC_ARC = YES;
				CLANG_ENABLE_OBJC_WEAK = YES;
				CLANG_WARN_BLOCK_CAPTURE_AUTORELEASING = YES;
				CLANG_WARN_BOOL_CONVERSION = YES;
				CLANG_WARN_COMMA = YES;
				CLANG_WARN_CONSTANT_CONVERSION = YES;
				CLANG_WARN_DEPRECATED_OBJC_IMPLEMENTATIONS = YES;
				CLANG_WARN_DIRECT_OBJC_ISA_USAGE = YES_ERROR;
				CLANG_WARN_DOCUMENTATION_COMMENTS = YES;
				CLANG_WARN_EMPTY_BODY = YES;
				CLANG_WARN_ENUM_CONVERSION = YES;
				CLANG_WARN_INFINITE_RECURSION = YES;
				CLANG_WARN_INT_CONVERSION = YES;
				CLANG_WARN_NON_LITERAL_NULL_CONVERSION = YES;
				CLANG_WARN_OBJC_IMPLICIT_RETAIN_SELF = YES;
				CLANG_WARN_OBJC_LITERAL_CONVERSION = YES;
				CLANG_WARN_OBJC_ROOT_CLASS = YES_ERROR;
				CLANG_WARN_RANGE_LOOP_ANALYSIS = YES;
				CLANG_WARN_STRICT_PROTOTYPES = YES;
				CLANG_WARN_SUSPICIOUS_MOVE = YES;
				CLANG_WARN_UNGUARDED_AVAILABILITY = YES_AGGRESSIVE;
				CLANG_WARN_UNREACHABLE_CODE = YES;
				CLANG_WARN__DUPLICATE_METHOD_MATCH = YES;
				CODE_SIGN_IDENTITY = "iPhone Developer";
				COPY_PHASE_STRIP = NO;
				DEBUG_INFORMATION_FORMAT = dwarf;
				ENABLE_STRICT_OBJC_MSGSEND = YES;
				ENABLE_TESTABILITY = YES;
				GCC_C_LANGUAGE_STANDARD = gnu11;
				GCC_DYNAMIC_NO_PIC = NO;
				GCC_NO_COMMON_BLOCKS = YES;
				GCC_OPTIMIZATION_LEVEL = 0;
				GCC_PREPROCESSOR_DEFINITIONS = (
					"DEBUG=1",
					"$(inherited)",
				);
				GCC_WARN_64_TO_32_BIT_CONVERSION = YES;
				GCC_WARN_ABOUT_RETURN_TYPE = YES_ERROR;
				GCC_WARN_UNDECLARED_SELECTOR = YES;
				GCC_WARN_UNINITIALIZED_AUTOS = YES_AGGRESSIVE;
				GCC_WARN_UNUSED_FUNCTION = YES;
				GCC_WARN_UNUSED_VARIABLE = YES;
				IPHONEOS_DEPLOYMENT_TARGET = 12.1;
				MTL_ENABLE_DEBUG_INFO = INCLUDE_SOURCE;
				MTL_FAST_MATH = YES;
				ONLY_ACTIVE_ARCH = YES;
				SDKROOT = iphoneos;
				SWIFT_ACTIVE_COMPILATION_CONDITIONS = DEBUG;
				SWIFT_OPTIMIZATION_LEVEL = "-Onone";
			};
			name = Debug;
		};
		4D279DFB21ED5FBC00D09DDA /* Release */ = {
			isa = XCBuildConfiguration;
			buildSettings = {
				ALWAYS_SEARCH_USER_PATHS = NO;
				CLANG_ANALYZER_NONNULL = YES;
				CLANG_ANALYZER_NUMBER_OBJECT_CONVERSION = YES_AGGRESSIVE;
				CLANG_CXX_LANGUAGE_STANDARD = "gnu++14";
				CLANG_CXX_LIBRARY = "libc++";
				CLANG_ENABLE_MODULES = YES;
				CLANG_ENABLE_OBJC_ARC = YES;
				CLANG_ENABLE_OBJC_WEAK = YES;
				CLANG_WARN_BLOCK_CAPTURE_AUTORELEASING = YES;
				CLANG_WARN_BOOL_CONVERSION = YES;
				CLANG_WARN_COMMA = YES;
				CLANG_WARN_CONSTANT_CONVERSION = YES;
				CLANG_WARN_DEPRECATED_OBJC_IMPLEMENTATIONS = YES;
				CLANG_WARN_DIRECT_OBJC_ISA_USAGE = YES_ERROR;
				CLANG_WARN_DOCUMENTATION_COMMENTS = YES;
				CLANG_WARN_EMPTY_BODY = YES;
				CLANG_WARN_ENUM_CONVERSION = YES;
				CLANG_WARN_INFINITE_RECURSION = YES;
				CLANG_WARN_INT_CONVERSION = YES;
				CLANG_WARN_NON_LITERAL_NULL_CONVERSION = YES;
				CLANG_WARN_OBJC_IMPLICIT_RETAIN_SELF = YES;
				CLANG_WARN_OBJC_LITERAL_CONVERSION = YES;
				CLANG_WARN_OBJC_ROOT_CLASS = YES_ERROR;
				CLANG_WARN_RANGE_LOOP_ANALYSIS = YES;
				CLANG_WARN_STRICT_PROTOTYPES = YES;
				CLANG_WARN_SUSPICIOUS_MOVE = YES;
				CLANG_WARN_UNGUARDED_AVAILABILITY = YES_AGGRESSIVE;
				CLANG_WARN_UNREACHABLE_CODE = YES;
				CLANG_WARN__DUPLICATE_METHOD_MATCH = YES;
				CODE_SIGN_IDENTITY = "iPhone Developer";
				COPY_PHASE_STRIP = NO;
				DEBUG_INFORMATION_FORMAT = "dwarf-with-dsym";
				ENABLE_NS_ASSERTIONS = NO;
				ENABLE_STRICT_OBJC_MSGSEND = YES;
				GCC_C_LANGUAGE_STANDARD = gnu11;
				GCC_NO_COMMON_BLOCKS = YES;
				GCC_WARN_64_TO_32_BIT_CONVERSION = YES;
				GCC_WARN_ABOUT_RETURN_TYPE = YES_ERROR;
				GCC_WARN_UNDECLARED_SELECTOR = YES;
				GCC_WARN_UNINITIALIZED_AUTOS = YES_AGGRESSIVE;
				GCC_WARN_UNUSED_FUNCTION = YES;
				GCC_WARN_UNUSED_VARIABLE = YES;
				IPHONEOS_DEPLOYMENT_TARGET = 12.1;
				MTL_ENABLE_DEBUG_INFO = NO;
				MTL_FAST_MATH = YES;
				SDKROOT = iphoneos;
				SWIFT_COMPILATION_MODE = wholemodule;
				SWIFT_OPTIMIZATION_LEVEL = "-O";
				VALIDATE_PRODUCT = YES;
			};
			name = Release;
		};
		4D279DFD21ED5FBC00D09DDA /* Debug */ = {
			isa = XCBuildConfiguration;
			baseConfigurationReference = B32D42D0C3E79E2DC3BD681E /* Pods-Astra Exchange.debug.xcconfig */;
			buildSettings = {
				ASSETCATALOG_COMPILER_APPICON_NAME = AppIcon;
				CODE_SIGN_STYLE = Automatic;
				DEVELOPMENT_TEAM = JUP7FZ7QC3;
				INFOPLIST_FILE = "Astra Exchange/Info.plist";
				LD_RUNPATH_SEARCH_PATHS = (
					"$(inherited)",
					"@executable_path/Frameworks",
				);
				PRODUCT_BUNDLE_IDENTIFIER = "exchange.astra.Astra-Exchange";
				PRODUCT_NAME = "$(TARGET_NAME)";
				SWIFT_VERSION = 4.2;
				TARGETED_DEVICE_FAMILY = "1,2";
			};
			name = Debug;
		};
		4D279DFE21ED5FBC00D09DDA /* Release */ = {
			isa = XCBuildConfiguration;
			baseConfigurationReference = 06B2727D55133C5733F79845 /* Pods-Astra Exchange.release.xcconfig */;
			buildSettings = {
				ASSETCATALOG_COMPILER_APPICON_NAME = AppIcon;
				CODE_SIGN_STYLE = Automatic;
				DEVELOPMENT_TEAM = JUP7FZ7QC3;
				INFOPLIST_FILE = "Astra Exchange/Info.plist";
				LD_RUNPATH_SEARCH_PATHS = (
					"$(inherited)",
					"@executable_path/Frameworks",
				);
				PRODUCT_BUNDLE_IDENTIFIER = "exchange.astra.Astra-Exchange";
				PRODUCT_NAME = "$(TARGET_NAME)";
				SWIFT_VERSION = 4.2;
				TARGETED_DEVICE_FAMILY = "1,2";
			};
			name = Release;
		};
		4D279E0021ED5FBC00D09DDA /* Debug */ = {
			isa = XCBuildConfiguration;
			baseConfigurationReference = BF742243B30EA946EC3F31FD /* Pods-Astra ExchangeTests.debug.xcconfig */;
			buildSettings = {
				ALWAYS_EMBED_SWIFT_STANDARD_LIBRARIES = YES;
				BUNDLE_LOADER = "$(TEST_HOST)";
				CODE_SIGN_STYLE = Automatic;
				DEVELOPMENT_TEAM = JUP7FZ7QC3;
				INFOPLIST_FILE = "Astra ExchangeTests/Info.plist";
				LD_RUNPATH_SEARCH_PATHS = (
					"$(inherited)",
					"@executable_path/Frameworks",
					"@loader_path/Frameworks",
				);
				PRODUCT_BUNDLE_IDENTIFIER = "exchange.astra.Astra-ExchangeTests";
				PRODUCT_NAME = "$(TARGET_NAME)";
				SWIFT_VERSION = 4.2;
				TARGETED_DEVICE_FAMILY = "1,2";
				TEST_HOST = "$(BUILT_PRODUCTS_DIR)/Astra Exchange.app/Astra Exchange";
			};
			name = Debug;
		};
		4D279E0121ED5FBC00D09DDA /* Release */ = {
			isa = XCBuildConfiguration;
			baseConfigurationReference = 397D8AB4FEE2F4D7778642FE /* Pods-Astra ExchangeTests.release.xcconfig */;
			buildSettings = {
				ALWAYS_EMBED_SWIFT_STANDARD_LIBRARIES = YES;
				BUNDLE_LOADER = "$(TEST_HOST)";
				CODE_SIGN_STYLE = Automatic;
				DEVELOPMENT_TEAM = JUP7FZ7QC3;
				INFOPLIST_FILE = "Astra ExchangeTests/Info.plist";
				LD_RUNPATH_SEARCH_PATHS = (
					"$(inherited)",
					"@executable_path/Frameworks",
					"@loader_path/Frameworks",
				);
				PRODUCT_BUNDLE_IDENTIFIER = "exchange.astra.Astra-ExchangeTests";
				PRODUCT_NAME = "$(TARGET_NAME)";
				SWIFT_VERSION = 4.2;
				TARGETED_DEVICE_FAMILY = "1,2";
				TEST_HOST = "$(BUILT_PRODUCTS_DIR)/Astra Exchange.app/Astra Exchange";
			};
			name = Release;
		};
		4D279E0321ED5FBC00D09DDA /* Debug */ = {
			isa = XCBuildConfiguration;
			baseConfigurationReference = 9E37380C1225B7F6EADFB32B /* Pods-Astra ExchangeUITests.debug.xcconfig */;
			buildSettings = {
				ALWAYS_EMBED_SWIFT_STANDARD_LIBRARIES = YES;
				CODE_SIGN_STYLE = Automatic;
				DEVELOPMENT_TEAM = JUP7FZ7QC3;
				INFOPLIST_FILE = "Astra ExchangeUITests/Info.plist";
				LD_RUNPATH_SEARCH_PATHS = (
					"$(inherited)",
					"@executable_path/Frameworks",
					"@loader_path/Frameworks",
				);
				PRODUCT_BUNDLE_IDENTIFIER = "exchange.astra.Astra-ExchangeUITests";
				PRODUCT_NAME = "$(TARGET_NAME)";
				SWIFT_VERSION = 4.2;
				TARGETED_DEVICE_FAMILY = "1,2";
				TEST_TARGET_NAME = "Astra Exchange";
			};
			name = Debug;
		};
		4D279E0421ED5FBC00D09DDA /* Release */ = {
			isa = XCBuildConfiguration;
			baseConfigurationReference = 0101B812F461905A7C17C6A2 /* Pods-Astra ExchangeUITests.release.xcconfig */;
			buildSettings = {
				ALWAYS_EMBED_SWIFT_STANDARD_LIBRARIES = YES;
				CODE_SIGN_STYLE = Automatic;
				DEVELOPMENT_TEAM = JUP7FZ7QC3;
				INFOPLIST_FILE = "Astra ExchangeUITests/Info.plist";
				LD_RUNPATH_SEARCH_PATHS = (
					"$(inherited)",
					"@executable_path/Frameworks",
					"@loader_path/Frameworks",
				);
				PRODUCT_BUNDLE_IDENTIFIER = "exchange.astra.Astra-ExchangeUITests";
				PRODUCT_NAME = "$(TARGET_NAME)";
				SWIFT_VERSION = 4.2;
				TARGETED_DEVICE_FAMILY = "1,2";
				TEST_TARGET_NAME = "Astra Exchange";
			};
			name = Release;
		};
/* End XCBuildConfiguration section */

/* Begin XCConfigurationList section */
		4D279DCC21ED5FBC00D09DDA /* Build configuration list for PBXProject "Astra Exchange" */ = {
			isa = XCConfigurationList;
			buildConfigurations = (
				4D279DFA21ED5FBC00D09DDA /* Debug */,
				4D279DFB21ED5FBC00D09DDA /* Release */,
			);
			defaultConfigurationIsVisible = 0;
			defaultConfigurationName = Release;
		};
		4D279DFC21ED5FBC00D09DDA /* Build configuration list for PBXNativeTarget "Astra Exchange" */ = {
			isa = XCConfigurationList;
			buildConfigurations = (
				4D279DFD21ED5FBC00D09DDA /* Debug */,
				4D279DFE21ED5FBC00D09DDA /* Release */,
			);
			defaultConfigurationIsVisible = 0;
			defaultConfigurationName = Release;
		};
		4D279DFF21ED5FBC00D09DDA /* Build configuration list for PBXNativeTarget "Astra ExchangeTests" */ = {
			isa = XCConfigurationList;
			buildConfigurations = (
				4D279E0021ED5FBC00D09DDA /* Debug */,
				4D279E0121ED5FBC00D09DDA /* Release */,
			);
			defaultConfigurationIsVisible = 0;
			defaultConfigurationName = Release;
		};
		4D279E0221ED5FBC00D09DDA /* Build configuration list for PBXNativeTarget "Astra ExchangeUITests" */ = {
			isa = XCConfigurationList;
			buildConfigurations = (
				4D279E0321ED5FBC00D09DDA /* Debug */,
				4D279E0421ED5FBC00D09DDA /* Release */,
			);
			defaultConfigurationIsVisible = 0;
			defaultConfigurationName = Release;
		};
/* End XCConfigurationList section */

/* Begin XCVersionGroup section */
		4D279DDB21ED5FBC00D09DDA /* Astra_Exchange.xcdatamodeld */ = {
			isa = XCVersionGroup;
			children = (
				4D279DDC21ED5FBC00D09DDA /* Astra_Exchange.xcdatamodel */,
			);
			currentVersion = 4D279DDC21ED5FBC00D09DDA /* Astra_Exchange.xcdatamodel */;
			path = Astra_Exchange.xcdatamodeld;
			sourceTree = "<group>";
			versionGroupType = wrapper.xcdatamodel;
		};
/* End XCVersionGroup section */
	};
	rootObject = 4D279DC921ED5FBC00D09DDA /* Project object */;
}
